// !$*UTF8*$!
{
	archiveVersion = 1;
	classes = {
	};
	objectVersion = 55;
	objects = {

/* Begin PBXBuildFile section */
		1422AEF0276C6CE60045BF4C /* FollowersListVC.swift in Sources */ = {isa = PBXBuildFile; fileRef = 1422AEEF276C6CE60045BF4C /* FollowersListVC.swift */; };
		1422AEF2276C72430045BF4C /* String + Ext.swift in Sources */ = {isa = PBXBuildFile; fileRef = 1422AEF1276C72430045BF4C /* String + Ext.swift */; };
		1422AEF4276C88170045BF4C /* GFTitleLabel.swift in Sources */ = {isa = PBXBuildFile; fileRef = 1422AEF3276C88170045BF4C /* GFTitleLabel.swift */; };
		1422AEF6276C89780045BF4C /* GFBodyLabel.swift in Sources */ = {isa = PBXBuildFile; fileRef = 1422AEF5276C89780045BF4C /* GFBodyLabel.swift */; };
		1422AEF8276C8A4C0045BF4C /* GFAlertVC.swift in Sources */ = {isa = PBXBuildFile; fileRef = 1422AEF7276C8A4C0045BF4C /* GFAlertVC.swift */; };
		1422AEFA276C906D0045BF4C /* UIViewController + Ext.swift in Sources */ = {isa = PBXBuildFile; fileRef = 1422AEF9276C906D0045BF4C /* UIViewController + Ext.swift */; };
		14230B7E276C3263004AEF7B /* GFButton.swift in Sources */ = {isa = PBXBuildFile; fileRef = 14230B7D276C3263004AEF7B /* GFButton.swift */; };
		14230B80276C3B6C004AEF7B /* GFTextField.swift in Sources */ = {isa = PBXBuildFile; fileRef = 14230B7F276C3B6C004AEF7B /* GFTextField.swift */; };
		14267EDF276DB0A900FAE202 /* Follower.swift in Sources */ = {isa = PBXBuildFile; fileRef = 14267EDE276DB0A900FAE202 /* Follower.swift */; };
		14267EE1276DB16E00FAE202 /* User.swift in Sources */ = {isa = PBXBuildFile; fileRef = 14267EE0276DB16E00FAE202 /* User.swift */; };
		14267EE4276DBACE00FAE202 /* NetworkManager.swift in Sources */ = {isa = PBXBuildFile; fileRef = 14267EE3276DBACE00FAE202 /* NetworkManager.swift */; };
		14267EE7276DEDF500FAE202 /* GFError.swift in Sources */ = {isa = PBXBuildFile; fileRef = 14267EE6276DEDF500FAE202 /* GFError.swift */; };
		145A140C27702D4700D9DF4F /* UIHelper.swift in Sources */ = {isa = PBXBuildFile; fileRef = 145A140B27702D4700D9DF4F /* UIHelper.swift */; };
		145A1414277088E600D9DF4F /* GFEmptyStateView.swift in Sources */ = {isa = PBXBuildFile; fileRef = 145A1413277088E600D9DF4F /* GFEmptyStateView.swift */; };
		148180CE2772E134009856DA /* PersistenceManager.swift in Sources */ = {isa = PBXBuildFile; fileRef = 148180CD2772E134009856DA /* PersistenceManager.swift */; };
		148180D02772F21F009856DA /* FavoritesCell.swift in Sources */ = {isa = PBXBuildFile; fileRef = 148180CF2772F21F009856DA /* FavoritesCell.swift */; };
		14CD083A276F2E5F0089D3FA /* FollowerCell.swift in Sources */ = {isa = PBXBuildFile; fileRef = 14CD0839276F2E5F0089D3FA /* FollowerCell.swift */; };
		14CD083C276F2F8C0089D3FA /* GFAvatarImageView.swift in Sources */ = {isa = PBXBuildFile; fileRef = 14CD083B276F2F8C0089D3FA /* GFAvatarImageView.swift */; };
		14E04ABC27717AEA00370AF0 /* UserInfoVC.swift in Sources */ = {isa = PBXBuildFile; fileRef = 14E04ABB27717AEA00370AF0 /* UserInfoVC.swift */; };
		14E04ABE277186D500370AF0 /* GFUserInfoHeaderVC.swift in Sources */ = {isa = PBXBuildFile; fileRef = 14E04ABD277186D500370AF0 /* GFUserInfoHeaderVC.swift */; };
		14E04AC02771876400370AF0 /* GFSecondaryTitleLabel.swift in Sources */ = {isa = PBXBuildFile; fileRef = 14E04ABF2771876400370AF0 /* GFSecondaryTitleLabel.swift */; };
		14E04AC2277195A500370AF0 /* Constants.swift in Sources */ = {isa = PBXBuildFile; fileRef = 14E04AC1277195A500370AF0 /* Constants.swift */; };
		14E04AC42771B05F00370AF0 /* GFItemInfoView.swift in Sources */ = {isa = PBXBuildFile; fileRef = 14E04AC32771B05F00370AF0 /* GFItemInfoView.swift */; };
		14E04AC62771B65D00370AF0 /* GFItemInfoVC.swift in Sources */ = {isa = PBXBuildFile; fileRef = 14E04AC52771B65C00370AF0 /* GFItemInfoVC.swift */; };
		14E04AC82771C7D600370AF0 /* GFRepoItemVC.swift in Sources */ = {isa = PBXBuildFile; fileRef = 14E04AC72771C7D600370AF0 /* GFRepoItemVC.swift */; };
		14E04ACA2771CB9B00370AF0 /* GFFollowerItemVC.swift in Sources */ = {isa = PBXBuildFile; fileRef = 14E04AC92771CB9B00370AF0 /* GFFollowerItemVC.swift */; };
		14E04ACD2771D2F700370AF0 /* Date + Ext.swift in Sources */ = {isa = PBXBuildFile; fileRef = 14E04ACC2771D2F700370AF0 /* Date + Ext.swift */; };
		14E8241C276AD1A0007DBE13 /* AppDelegate.swift in Sources */ = {isa = PBXBuildFile; fileRef = 14E8241B276AD1A0007DBE13 /* AppDelegate.swift */; };
		14E8241E276AD1A0007DBE13 /* SceneDelegate.swift in Sources */ = {isa = PBXBuildFile; fileRef = 14E8241D276AD1A0007DBE13 /* SceneDelegate.swift */; };
		14E82425276AD1A1007DBE13 /* Assets.xcassets in Resources */ = {isa = PBXBuildFile; fileRef = 14E82424276AD1A1007DBE13 /* Assets.xcassets */; };
		14E82428276AD1A1007DBE13 /* LaunchScreen.storyboard in Resources */ = {isa = PBXBuildFile; fileRef = 14E82426276AD1A1007DBE13 /* LaunchScreen.storyboard */; };
		14E82430276ADF31007DBE13 /* SearchVC.swift in Sources */ = {isa = PBXBuildFile; fileRef = 14E8242F276ADF31007DBE13 /* SearchVC.swift */; };
		14E82432276ADF6B007DBE13 /* FavouritesListVC.swift in Sources */ = {isa = PBXBuildFile; fileRef = 14E82431276ADF6B007DBE13 /* FavouritesListVC.swift */; };
/* End PBXBuildFile section */

/* Begin PBXFileReference section */
		1422AEEF276C6CE60045BF4C /* FollowersListVC.swift */ = {isa = PBXFileReference; lastKnownFileType = sourcecode.swift; path = FollowersListVC.swift; sourceTree = "<group>"; };
		1422AEF1276C72430045BF4C /* String + Ext.swift */ = {isa = PBXFileReference; lastKnownFileType = sourcecode.swift; path = "String + Ext.swift"; sourceTree = "<group>"; };
		1422AEF3276C88170045BF4C /* GFTitleLabel.swift */ = {isa = PBXFileReference; lastKnownFileType = sourcecode.swift; path = GFTitleLabel.swift; sourceTree = "<group>"; };
		1422AEF5276C89780045BF4C /* GFBodyLabel.swift */ = {isa = PBXFileReference; lastKnownFileType = sourcecode.swift; path = GFBodyLabel.swift; sourceTree = "<group>"; };
		1422AEF7276C8A4C0045BF4C /* GFAlertVC.swift */ = {isa = PBXFileReference; lastKnownFileType = sourcecode.swift; path = GFAlertVC.swift; sourceTree = "<group>"; };
		1422AEF9276C906D0045BF4C /* UIViewController + Ext.swift */ = {isa = PBXFileReference; lastKnownFileType = sourcecode.swift; path = "UIViewController + Ext.swift"; sourceTree = "<group>"; };
		14230B7D276C3263004AEF7B /* GFButton.swift */ = {isa = PBXFileReference; lastKnownFileType = sourcecode.swift; path = GFButton.swift; sourceTree = "<group>"; };
		14230B7F276C3B6C004AEF7B /* GFTextField.swift */ = {isa = PBXFileReference; lastKnownFileType = sourcecode.swift; path = GFTextField.swift; sourceTree = "<group>"; };
		14267EDE276DB0A900FAE202 /* Follower.swift */ = {isa = PBXFileReference; lastKnownFileType = sourcecode.swift; path = Follower.swift; sourceTree = "<group>"; };
		14267EE0276DB16E00FAE202 /* User.swift */ = {isa = PBXFileReference; lastKnownFileType = sourcecode.swift; path = User.swift; sourceTree = "<group>"; };
		14267EE3276DBACE00FAE202 /* NetworkManager.swift */ = {isa = PBXFileReference; lastKnownFileType = sourcecode.swift; path = NetworkManager.swift; sourceTree = "<group>"; };
		14267EE6276DEDF500FAE202 /* GFError.swift */ = {isa = PBXFileReference; lastKnownFileType = sourcecode.swift; path = GFError.swift; sourceTree = "<group>"; };
		145A140B27702D4700D9DF4F /* UIHelper.swift */ = {isa = PBXFileReference; lastKnownFileType = sourcecode.swift; path = UIHelper.swift; sourceTree = "<group>"; };
		145A1413277088E600D9DF4F /* GFEmptyStateView.swift */ = {isa = PBXFileReference; lastKnownFileType = sourcecode.swift; path = GFEmptyStateView.swift; sourceTree = "<group>"; };
		148180CD2772E134009856DA /* PersistenceManager.swift */ = {isa = PBXFileReference; lastKnownFileType = sourcecode.swift; path = PersistenceManager.swift; sourceTree = "<group>"; };
		148180CF2772F21F009856DA /* FavoritesCell.swift */ = {isa = PBXFileReference; lastKnownFileType = sourcecode.swift; path = FavoritesCell.swift; sourceTree = "<group>"; };
		14CD0839276F2E5F0089D3FA /* FollowerCell.swift */ = {isa = PBXFileReference; lastKnownFileType = sourcecode.swift; path = FollowerCell.swift; sourceTree = "<group>"; };
		14CD083B276F2F8C0089D3FA /* GFAvatarImageView.swift */ = {isa = PBXFileReference; lastKnownFileType = sourcecode.swift; path = GFAvatarImageView.swift; sourceTree = "<group>"; };
		14E04ABB27717AEA00370AF0 /* UserInfoVC.swift */ = {isa = PBXFileReference; lastKnownFileType = sourcecode.swift; path = UserInfoVC.swift; sourceTree = "<group>"; };
		14E04ABD277186D500370AF0 /* GFUserInfoHeaderVC.swift */ = {isa = PBXFileReference; lastKnownFileType = sourcecode.swift; path = GFUserInfoHeaderVC.swift; sourceTree = "<group>"; };
		14E04ABF2771876400370AF0 /* GFSecondaryTitleLabel.swift */ = {isa = PBXFileReference; lastKnownFileType = sourcecode.swift; path = GFSecondaryTitleLabel.swift; sourceTree = "<group>"; };
		14E04AC1277195A500370AF0 /* Constants.swift */ = {isa = PBXFileReference; lastKnownFileType = sourcecode.swift; path = Constants.swift; sourceTree = "<group>"; };
		14E04AC32771B05F00370AF0 /* GFItemInfoView.swift */ = {isa = PBXFileReference; lastKnownFileType = sourcecode.swift; path = GFItemInfoView.swift; sourceTree = "<group>"; };
		14E04AC52771B65C00370AF0 /* GFItemInfoVC.swift */ = {isa = PBXFileReference; lastKnownFileType = sourcecode.swift; path = GFItemInfoVC.swift; sourceTree = "<group>"; };
		14E04AC72771C7D600370AF0 /* GFRepoItemVC.swift */ = {isa = PBXFileReference; lastKnownFileType = sourcecode.swift; path = GFRepoItemVC.swift; sourceTree = "<group>"; };
		14E04AC92771CB9B00370AF0 /* GFFollowerItemVC.swift */ = {isa = PBXFileReference; lastKnownFileType = sourcecode.swift; path = GFFollowerItemVC.swift; sourceTree = "<group>"; };
		14E04ACC2771D2F700370AF0 /* Date + Ext.swift */ = {isa = PBXFileReference; lastKnownFileType = sourcecode.swift; path = "Date + Ext.swift"; sourceTree = "<group>"; };
		14E82418276AD1A0007DBE13 /* GithubFollowers.app */ = {isa = PBXFileReference; explicitFileType = wrapper.application; includeInIndex = 0; path = GithubFollowers.app; sourceTree = BUILT_PRODUCTS_DIR; };
		14E8241B276AD1A0007DBE13 /* AppDelegate.swift */ = {isa = PBXFileReference; lastKnownFileType = sourcecode.swift; path = AppDelegate.swift; sourceTree = "<group>"; };
		14E8241D276AD1A0007DBE13 /* SceneDelegate.swift */ = {isa = PBXFileReference; lastKnownFileType = sourcecode.swift; path = SceneDelegate.swift; sourceTree = "<group>"; };
		14E82424276AD1A1007DBE13 /* Assets.xcassets */ = {isa = PBXFileReference; lastKnownFileType = folder.assetcatalog; path = Assets.xcassets; sourceTree = "<group>"; };
		14E82427276AD1A1007DBE13 /* Base */ = {isa = PBXFileReference; lastKnownFileType = file.storyboard; name = Base; path = Base.lproj/LaunchScreen.storyboard; sourceTree = "<group>"; };
		14E82429276AD1A1007DBE13 /* Info.plist */ = {isa = PBXFileReference; lastKnownFileType = text.plist.xml; path = Info.plist; sourceTree = "<group>"; };
		14E8242F276ADF31007DBE13 /* SearchVC.swift */ = {isa = PBXFileReference; lastKnownFileType = sourcecode.swift; path = SearchVC.swift; sourceTree = "<group>"; };
		14E82431276ADF6B007DBE13 /* FavouritesListVC.swift */ = {isa = PBXFileReference; lastKnownFileType = sourcecode.swift; path = FavouritesListVC.swift; sourceTree = "<group>"; };
/* End PBXFileReference section */

/* Begin PBXFrameworksBuildPhase section */
		14E82415276AD1A0007DBE13 /* Frameworks */ = {
			isa = PBXFrameworksBuildPhase;
			buildActionMask = 2147483647;
			files = (
			);
			runOnlyForDeploymentPostprocessing = 0;
		};
/* End PBXFrameworksBuildPhase section */

/* Begin PBXGroup section */
		1422AEFB276C949E0045BF4C /* Screens */ = {
			isa = PBXGroup;
			children = (
				1422AEEF276C6CE60045BF4C /* FollowersListVC.swift */,
				14E82431276ADF6B007DBE13 /* FavouritesListVC.swift */,
				14E8242F276ADF31007DBE13 /* SearchVC.swift */,
				14E04ABB27717AEA00370AF0 /* UserInfoVC.swift */,
			);
			path = Screens;
			sourceTree = "<group>";
		};
		1422AEFC276C94E70045BF4C /* Custom Views */ = {
			isa = PBXGroup;
			children = (
				145A14122770885000D9DF4F /* Labels */,
				145A14112770882C00D9DF4F /* ViewController */,
				145A14102770882100D9DF4F /* ImageViews */,
				145A140F2770881600D9DF4F /* Views */,
				145A140E2770880600D9DF4F /* Textfields */,
				145A140D277087FC00D9DF4F /* Buttons */,
				14CD0838276F2E170089D3FA /* Cells */,
			);
			path = "Custom Views";
			sourceTree = "<group>";
		};
		1422AEFD276C950B0045BF4C /* Extensions */ = {
			isa = PBXGroup;
			children = (
				1422AEF9276C906D0045BF4C /* UIViewController + Ext.swift */,
				1422AEF1276C72430045BF4C /* String + Ext.swift */,
				14E04ACC2771D2F700370AF0 /* Date + Ext.swift */,
			);
			path = Extensions;
			sourceTree = "<group>";
		};
		1422AEFE276C95720045BF4C /* Resources */ = {
			isa = PBXGroup;
			children = (
				14E8241B276AD1A0007DBE13 /* AppDelegate.swift */,
				14E8241D276AD1A0007DBE13 /* SceneDelegate.swift */,
				14E82424276AD1A1007DBE13 /* Assets.xcassets */,
				14E82426276AD1A1007DBE13 /* LaunchScreen.storyboard */,
			);
			path = Resources;
			sourceTree = "<group>";
		};
		14267EDD276DB09A00FAE202 /* Model */ = {
			isa = PBXGroup;
			children = (
				14267EDE276DB0A900FAE202 /* Follower.swift */,
				14267EE0276DB16E00FAE202 /* User.swift */,
			);
			path = Model;
			sourceTree = "<group>";
		};
		14267EE2276DBAB700FAE202 /* Managers */ = {
			isa = PBXGroup;
			children = (
				14267EE3276DBACE00FAE202 /* NetworkManager.swift */,
				148180CD2772E134009856DA /* PersistenceManager.swift */,
			);
			path = Managers;
			sourceTree = "<group>";
		};
		14267EE5276DEDE400FAE202 /* Utilities */ = {
			isa = PBXGroup;
			children = (
				145A140B27702D4700D9DF4F /* UIHelper.swift */,
				14267EE6276DEDF500FAE202 /* GFError.swift */,
				14E04AC1277195A500370AF0 /* Constants.swift */,
			);
			path = Utilities;
			sourceTree = "<group>";
		};
		145A140D277087FC00D9DF4F /* Buttons */ = {
			isa = PBXGroup;
			children = (
				14230B7D276C3263004AEF7B /* GFButton.swift */,
			);
			path = Buttons;
			sourceTree = "<group>";
		};
		145A140E2770880600D9DF4F /* Textfields */ = {
			isa = PBXGroup;
			children = (
				14230B7F276C3B6C004AEF7B /* GFTextField.swift */,
			);
			path = Textfields;
			sourceTree = "<group>";
		};
		145A140F2770881600D9DF4F /* Views */ = {
			isa = PBXGroup;
			children = (
				145A1413277088E600D9DF4F /* GFEmptyStateView.swift */,
				14E04AC32771B05F00370AF0 /* GFItemInfoView.swift */,
			);
			path = Views;
			sourceTree = "<group>";
		};
		145A14102770882100D9DF4F /* ImageViews */ = {
			isa = PBXGroup;
			children = (
				14CD083B276F2F8C0089D3FA /* GFAvatarImageView.swift */,
			);
			path = ImageViews;
			sourceTree = "<group>";
		};
		145A14112770882C00D9DF4F /* ViewController */ = {
			isa = PBXGroup;
			children = (
				14E04ACB2771CBEB00370AF0 /* ItemInfoVCs */,
				1422AEF7276C8A4C0045BF4C /* GFAlertVC.swift */,
				14E04ABD277186D500370AF0 /* GFUserInfoHeaderVC.swift */,
			);
			path = ViewController;
			sourceTree = "<group>";
		};
		145A14122770885000D9DF4F /* Labels */ = {
			isa = PBXGroup;
			children = (
				1422AEF3276C88170045BF4C /* GFTitleLabel.swift */,
				1422AEF5276C89780045BF4C /* GFBodyLabel.swift */,
				14E04ABF2771876400370AF0 /* GFSecondaryTitleLabel.swift */,
			);
			path = Labels;
			sourceTree = "<group>";
		};
		14CD0838276F2E170089D3FA /* Cells */ = {
			isa = PBXGroup;
			children = (
				14CD0839276F2E5F0089D3FA /* FollowerCell.swift */,
				148180CF2772F21F009856DA /* FavoritesCell.swift */,
			);
			path = Cells;
			sourceTree = "<group>";
		};
		14E04ACB2771CBEB00370AF0 /* ItemInfoVCs */ = {
			isa = PBXGroup;
			children = (
				14E04AC52771B65C00370AF0 /* GFItemInfoVC.swift */,
				14E04AC72771C7D600370AF0 /* GFRepoItemVC.swift */,
				14E04AC92771CB9B00370AF0 /* GFFollowerItemVC.swift */,
			);
			path = ItemInfoVCs;
			sourceTree = "<group>";
		};
		14E8240F276AD1A0007DBE13 = {
			isa = PBXGroup;
			children = (
				14E8241A276AD1A0007DBE13 /* GithubFollowers */,
				14E82419276AD1A0007DBE13 /* Products */,
			);
			sourceTree = "<group>";
		};
		14E82419276AD1A0007DBE13 /* Products */ = {
			isa = PBXGroup;
			children = (
				14E82418276AD1A0007DBE13 /* GithubFollowers.app */,
			);
			name = Products;
			sourceTree = "<group>";
		};
		14E8241A276AD1A0007DBE13 /* GithubFollowers */ = {
			isa = PBXGroup;
			children = (
				14267EE5276DEDE400FAE202 /* Utilities */,
				14267EE2276DBAB700FAE202 /* Managers */,
				14E82429276AD1A1007DBE13 /* Info.plist */,
				14267EDD276DB09A00FAE202 /* Model */,
				1422AEFE276C95720045BF4C /* Resources */,
				1422AEFD276C950B0045BF4C /* Extensions */,
				1422AEFC276C94E70045BF4C /* Custom Views */,
				1422AEFB276C949E0045BF4C /* Screens */,
			);
			path = GithubFollowers;
			sourceTree = "<group>";
		};
/* End PBXGroup section */

/* Begin PBXNativeTarget section */
		14E82417276AD1A0007DBE13 /* GithubFollowers */ = {
			isa = PBXNativeTarget;
			buildConfigurationList = 14E8242C276AD1A1007DBE13 /* Build configuration list for PBXNativeTarget "GithubFollowers" */;
			buildPhases = (
				14E82414276AD1A0007DBE13 /* Sources */,
				14E82415276AD1A0007DBE13 /* Frameworks */,
				14E82416276AD1A0007DBE13 /* Resources */,
			);
			buildRules = (
			);
			dependencies = (
			);
			name = GithubFollowers;
			productName = GithubFollowers;
			productReference = 14E82418276AD1A0007DBE13 /* GithubFollowers.app */;
			productType = "com.apple.product-type.application";
		};
/* End PBXNativeTarget section */

/* Begin PBXProject section */
		14E82410276AD1A0007DBE13 /* Project object */ = {
			isa = PBXProject;
			attributes = {
				BuildIndependentTargetsInParallel = 1;
				LastSwiftUpdateCheck = 1300;
				LastUpgradeCheck = 1300;
				TargetAttributes = {
					14E82417276AD1A0007DBE13 = {
						CreatedOnToolsVersion = 13.0;
					};
				};
			};
			buildConfigurationList = 14E82413276AD1A0007DBE13 /* Build configuration list for PBXProject "GithubFollowers" */;
			compatibilityVersion = "Xcode 13.0";
			developmentRegion = en;
			hasScannedForEncodings = 0;
			knownRegions = (
				en,
				Base,
			);
			mainGroup = 14E8240F276AD1A0007DBE13;
			productRefGroup = 14E82419276AD1A0007DBE13 /* Products */;
			projectDirPath = "";
			projectRoot = "";
			targets = (
				14E82417276AD1A0007DBE13 /* GithubFollowers */,
			);
		};
/* End PBXProject section */

/* Begin PBXResourcesBuildPhase section */
		14E82416276AD1A0007DBE13 /* Resources */ = {
			isa = PBXResourcesBuildPhase;
			buildActionMask = 2147483647;
			files = (
				14E82428276AD1A1007DBE13 /* LaunchScreen.storyboard in Resources */,
				14E82425276AD1A1007DBE13 /* Assets.xcassets in Resources */,
			);
			runOnlyForDeploymentPostprocessing = 0;
		};
/* End PBXResourcesBuildPhase section */

/* Begin PBXSourcesBuildPhase section */
		14E82414276AD1A0007DBE13 /* Sources */ = {
			isa = PBXSourcesBuildPhase;
			buildActionMask = 2147483647;
			files = (
				14230B80276C3B6C004AEF7B /* GFTextField.swift in Sources */,
				1422AEF0276C6CE60045BF4C /* FollowersListVC.swift in Sources */,
				148180D02772F21F009856DA /* FavoritesCell.swift in Sources */,
				14E82430276ADF31007DBE13 /* SearchVC.swift in Sources */,
				14E04ABE277186D500370AF0 /* GFUserInfoHeaderVC.swift in Sources */,
				14230B7E276C3263004AEF7B /* GFButton.swift in Sources */,
				1422AEFA276C906D0045BF4C /* UIViewController + Ext.swift in Sources */,
				145A1414277088E600D9DF4F /* GFEmptyStateView.swift in Sources */,
				14E04AC02771876400370AF0 /* GFSecondaryTitleLabel.swift in Sources */,
				1422AEF2276C72430045BF4C /* String + Ext.swift in Sources */,
				14E04ACD2771D2F700370AF0 /* Date + Ext.swift in Sources */,
				14267EE1276DB16E00FAE202 /* User.swift in Sources */,
				14CD083A276F2E5F0089D3FA /* FollowerCell.swift in Sources */,
				14CD083C276F2F8C0089D3FA /* GFAvatarImageView.swift in Sources */,
				14E04AC82771C7D600370AF0 /* GFRepoItemVC.swift in Sources */,
				1422AEF8276C8A4C0045BF4C /* GFAlertVC.swift in Sources */,
				14E04ABC27717AEA00370AF0 /* UserInfoVC.swift in Sources */,
				14267EDF276DB0A900FAE202 /* Follower.swift in Sources */,
				14E8241C276AD1A0007DBE13 /* AppDelegate.swift in Sources */,
				1422AEF4276C88170045BF4C /* GFTitleLabel.swift in Sources */,
				14E82432276ADF6B007DBE13 /* FavouritesListVC.swift in Sources */,
				14E04AC62771B65D00370AF0 /* GFItemInfoVC.swift in Sources */,
				148180CE2772E134009856DA /* PersistenceManager.swift in Sources */,
				14E04ACA2771CB9B00370AF0 /* GFFollowerItemVC.swift in Sources */,
				14267EE7276DEDF500FAE202 /* GFError.swift in Sources */,
				145A140C27702D4700D9DF4F /* UIHelper.swift in Sources */,
				14267EE4276DBACE00FAE202 /* NetworkManager.swift in Sources */,
				14E8241E276AD1A0007DBE13 /* SceneDelegate.swift in Sources */,
				14E04AC42771B05F00370AF0 /* GFItemInfoView.swift in Sources */,
				1422AEF6276C89780045BF4C /* GFBodyLabel.swift in Sources */,
				14E04AC2277195A500370AF0 /* Constants.swift in Sources */,
			);
			runOnlyForDeploymentPostprocessing = 0;
		};
/* End PBXSourcesBuildPhase section */

/* Begin PBXVariantGroup section */
		14E82426276AD1A1007DBE13 /* LaunchScreen.storyboard */ = {
			isa = PBXVariantGroup;
			children = (
				14E82427276AD1A1007DBE13 /* Base */,
			);
			name = LaunchScreen.storyboard;
			sourceTree = "<group>";
		};
/* End PBXVariantGroup section */

/* Begin XCBuildConfiguration section */
		14E8242A276AD1A1007DBE13 /* Debug */ = {
			isa = XCBuildConfiguration;
			buildSettings = {
				ALWAYS_SEARCH_USER_PATHS = NO;
				CLANG_ANALYZER_NONNULL = YES;
				CLANG_ANALYZER_NUMBER_OBJECT_CONVERSION = YES_AGGRESSIVE;
				CLANG_CXX_LANGUAGE_STANDARD = "gnu++17";
				CLANG_CXX_LIBRARY = "libc++";
				CLANG_ENABLE_MODULES = YES;
				CLANG_ENABLE_OBJC_ARC = YES;
				CLANG_ENABLE_OBJC_WEAK = YES;
				CLANG_WARN_BLOCK_CAPTURE_AUTORELEASING = YES;
				CLANG_WARN_BOOL_CONVERSION = YES;
				CLANG_WARN_COMMA = YES;
				CLANG_WARN_CONSTANT_CONVERSION = YES;
				CLANG_WARN_DEPRECATED_OBJC_IMPLEMENTATIONS = YES;
				CLANG_WARN_DIRECT_OBJC_ISA_USAGE = YES_ERROR;
				CLANG_WARN_DOCUMENTATION_COMMENTS = YES;
				CLANG_WARN_EMPTY_BODY = YES;
				CLANG_WARN_ENUM_CONVERSION = YES;
				CLANG_WARN_INFINITE_RECURSION = YES;
				CLANG_WARN_INT_CONVERSION = YES;
				CLANG_WARN_NON_LITERAL_NULL_CONVERSION = YES;
				CLANG_WARN_OBJC_IMPLICIT_RETAIN_SELF = YES;
				CLANG_WARN_OBJC_LITERAL_CONVERSION = YES;
				CLANG_WARN_OBJC_ROOT_CLASS = YES_ERROR;
				CLANG_WARN_QUOTED_INCLUDE_IN_FRAMEWORK_HEADER = YES;
				CLANG_WARN_RANGE_LOOP_ANALYSIS = YES;
				CLANG_WARN_STRICT_PROTOTYPES = YES;
				CLANG_WARN_SUSPICIOUS_MOVE = YES;
				CLANG_WARN_UNGUARDED_AVAILABILITY = YES_AGGRESSIVE;
				CLANG_WARN_UNREACHABLE_CODE = YES;
				CLANG_WARN__DUPLICATE_METHOD_MATCH = YES;
				COPY_PHASE_STRIP = NO;
				DEBUG_INFORMATION_FORMAT = dwarf;
				ENABLE_STRICT_OBJC_MSGSEND = YES;
				ENABLE_TESTABILITY = YES;
				GCC_C_LANGUAGE_STANDARD = gnu11;
				GCC_DYNAMIC_NO_PIC = NO;
				GCC_NO_COMMON_BLOCKS = YES;
				GCC_OPTIMIZATION_LEVEL = 0;
				GCC_PREPROCESSOR_DEFINITIONS = (
					"DEBUG=1",
					"$(inherited)",
				);
				GCC_WARN_64_TO_32_BIT_CONVERSION = YES;
				GCC_WARN_ABOUT_RETURN_TYPE = YES_ERROR;
				GCC_WARN_UNDECLARED_SELECTOR = YES;
				GCC_WARN_UNINITIALIZED_AUTOS = YES_AGGRESSIVE;
				GCC_WARN_UNUSED_FUNCTION = YES;
				GCC_WARN_UNUSED_VARIABLE = YES;
				IPHONEOS_DEPLOYMENT_TARGET = 15.0;
				MTL_ENABLE_DEBUG_INFO = INCLUDE_SOURCE;
				MTL_FAST_MATH = YES;
				ONLY_ACTIVE_ARCH = YES;
				SDKROOT = iphoneos;
				SWIFT_ACTIVE_COMPILATION_CONDITIONS = DEBUG;
				SWIFT_OPTIMIZATION_LEVEL = "-Onone";
			};
			name = Debug;
		};
		14E8242B276AD1A1007DBE13 /* Release */ = {
			isa = XCBuildConfiguration;
			buildSettings = {
				ALWAYS_SEARCH_USER_PATHS = NO;
				CLANG_ANALYZER_NONNULL = YES;
				CLANG_ANALYZER_NUMBER_OBJECT_CONVERSION = YES_AGGRESSIVE;
				CLANG_CXX_LANGUAGE_STANDARD = "gnu++17";
				CLANG_CXX_LIBRARY = "libc++";
				CLANG_ENABLE_MODULES = YES;
				CLANG_ENABLE_OBJC_ARC = YES;
				CLANG_ENABLE_OBJC_WEAK = YES;
				CLANG_WARN_BLOCK_CAPTURE_AUTORELEASING = YES;
				CLANG_WARN_BOOL_CONVERSION = YES;
				CLANG_WARN_COMMA = YES;
				CLANG_WARN_CONSTANT_CONVERSION = YES;
				CLANG_WARN_DEPRECATED_OBJC_IMPLEMENTATIONS = YES;
				CLANG_WARN_DIRECT_OBJC_ISA_USAGE = YES_ERROR;
				CLANG_WARN_DOCUMENTATION_COMMENTS = YES;
				CLANG_WARN_EMPTY_BODY = YES;
				CLANG_WARN_ENUM_CONVERSION = YES;
				CLANG_WARN_INFINITE_RECURSION = YES;
				CLANG_WARN_INT_CONVERSION = YES;
				CLANG_WARN_NON_LITERAL_NULL_CONVERSION = YES;
				CLANG_WARN_OBJC_IMPLICIT_RETAIN_SELF = YES;
				CLANG_WARN_OBJC_LITERAL_CONVERSION = YES;
				CLANG_WARN_OBJC_ROOT_CLASS = YES_ERROR;
				CLANG_WARN_QUOTED_INCLUDE_IN_FRAMEWORK_HEADER = YES;
				CLANG_WARN_RANGE_LOOP_ANALYSIS = YES;
				CLANG_WARN_STRICT_PROTOTYPES = YES;
				CLANG_WARN_SUSPICIOUS_MOVE = YES;
				CLANG_WARN_UNGUARDED_AVAILABILITY = YES_AGGRESSIVE;
				CLANG_WARN_UNREACHABLE_CODE = YES;
				CLANG_WARN__DUPLICATE_METHOD_MATCH = YES;
				COPY_PHASE_STRIP = NO;
				DEBUG_INFORMATION_FORMAT = "dwarf-with-dsym";
				ENABLE_NS_ASSERTIONS = NO;
				ENABLE_STRICT_OBJC_MSGSEND = YES;
				GCC_C_LANGUAGE_STANDARD = gnu11;
				GCC_NO_COMMON_BLOCKS = YES;
				GCC_WARN_64_TO_32_BIT_CONVERSION = YES;
				GCC_WARN_ABOUT_RETURN_TYPE = YES_ERROR;
				GCC_WARN_UNDECLARED_SELECTOR = YES;
				GCC_WARN_UNINITIALIZED_AUTOS = YES_AGGRESSIVE;
				GCC_WARN_UNUSED_FUNCTION = YES;
				GCC_WARN_UNUSED_VARIABLE = YES;
				IPHONEOS_DEPLOYMENT_TARGET = 15.0;
				MTL_ENABLE_DEBUG_INFO = NO;
				MTL_FAST_MATH = YES;
				SDKROOT = iphoneos;
				SWIFT_COMPILATION_MODE = wholemodule;
				SWIFT_OPTIMIZATION_LEVEL = "-O";
				VALIDATE_PRODUCT = YES;
			};
			name = Release;
		};
		14E8242D276AD1A1007DBE13 /* Debug */ = {
			isa = XCBuildConfiguration;
			buildSettings = {
				ASSETCATALOG_COMPILER_APPICON_NAME = AppIcon;
				ASSETCATALOG_COMPILER_GLOBAL_ACCENT_COLOR_NAME = AccentColor;
				CODE_SIGN_STYLE = Automatic;
				CURRENT_PROJECT_VERSION = 1;
				DEVELOPMENT_TEAM = SSLV33PB85;
				GENERATE_INFOPLIST_FILE = YES;
				INFOPLIST_FILE = GithubFollowers/Info.plist;
				INFOPLIST_KEY_UIApplicationSupportsIndirectInputEvents = YES;
				INFOPLIST_KEY_UILaunchStoryboardName = LaunchScreen;
				INFOPLIST_KEY_UISupportedInterfaceOrientations = UIInterfaceOrientationPortrait;
				INFOPLIST_KEY_UISupportedInterfaceOrientations_iPad = "UIInterfaceOrientationPortrait UIInterfaceOrientationPortraitUpsideDown UIInterfaceOrientationLandscapeLeft UIInterfaceOrientationLandscapeRight";
				INFOPLIST_KEY_UISupportedInterfaceOrientations_iPhone = "UIInterfaceOrientationPortrait UIInterfaceOrientationLandscapeLeft UIInterfaceOrientationLandscapeRight";
				IPHONEOS_DEPLOYMENT_TARGET = 15.0;
				LD_RUNPATH_SEARCH_PATHS = (
					"$(inherited)",
					"@executable_path/Frameworks",
				);
				MARKETING_VERSION = 1.0;
				PRODUCT_BUNDLE_IDENTIFIER = com.ankit.GithubFollowers;
				PRODUCT_NAME = "$(TARGET_NAME)";
				SWIFT_EMIT_LOC_STRINGS = YES;
				SWIFT_VERSION = 5.0;
				TARGETED_DEVICE_FAMILY = 1;
			};
			name = Debug;
		};
		14E8242E276AD1A1007DBE13 /* Release */ = {
			isa = XCBuildConfiguration;
			buildSettings = {
				ASSETCATALOG_COMPILER_APPICON_NAME = AppIcon;
				ASSETCATALOG_COMPILER_GLOBAL_ACCENT_COLOR_NAME = AccentColor;
				CODE_SIGN_STYLE = Automatic;
				CURRENT_PROJECT_VERSION = 1;
				DEVELOPMENT_TEAM = SSLV33PB85;
				GENERATE_INFOPLIST_FILE = YES;
				INFOPLIST_FILE = GithubFollowers/Info.plist;
				INFOPLIST_KEY_UIApplicationSupportsIndirectInputEvents = YES;
				INFOPLIST_KEY_UILaunchStoryboardName = LaunchScreen;
				INFOPLIST_KEY_UISupportedInterfaceOrientations = UIInterfaceOrientationPortrait;
				INFOPLIST_KEY_UISupportedInterfaceOrientations_iPad = "UIInterfaceOrientationPortrait UIInterfaceOrientationPortraitUpsideDown UIInterfaceOrientationLandscapeLeft UIInterfaceOrientationLandscapeRight";
				INFOPLIST_KEY_UISupportedInterfaceOrientations_iPhone = "UIInterfaceOrientationPortrait UIInterfaceOrientationLandscapeLeft UIInterfaceOrientationLandscapeRight";
				IPHONEOS_DEPLOYMENT_TARGET = 15.0;
				LD_RUNPATH_SEARCH_PATHS = (
					"$(inherited)",
					"@executable_path/Frameworks",
				);
				MARKETING_VERSION = 1.0;
				PRODUCT_BUNDLE_IDENTIFIER = com.ankit.GithubFollowers;
				PRODUCT_NAME = "$(TARGET_NAME)";
				SWIFT_EMIT_LOC_STRINGS = YES;
				SWIFT_VERSION = 5.0;
				TARGETED_DEVICE_FAMILY = 1;
			};
			name = Release;
		};
/* End XCBuildConfiguration section */

/* Begin XCConfigurationList section */
		14E82413276AD1A0007DBE13 /* Build configuration list for PBXProject "GithubFollowers" */ = {
			isa = XCConfigurationList;
			buildConfigurations = (
				14E8242A276AD1A1007DBE13 /* Debug */,
				14E8242B276AD1A1007DBE13 /* Release */,
			);
			defaultConfigurationIsVisible = 0;
			defaultConfigurationName = Release;
		};
		14E8242C276AD1A1007DBE13 /* Build configuration list for PBXNativeTarget "GithubFollowers" */ = {
			isa = XCConfigurationList;
			buildConfigurations = (
				14E8242D276AD1A1007DBE13 /* Debug */,
				14E8242E276AD1A1007DBE13 /* Release */,
			);
			defaultConfigurationIsVisible = 0;
			defaultConfigurationName = Release;
		};
/* End XCConfigurationList section */
	};
	rootObject = 14E82410276AD1A0007DBE13 /* Project object */;
}
